lockfileVersion: '6.0'

settings:
  autoInstallPeers: true
  excludeLinksFromLockfile: false

dependencies:
  '@anthropic-ai/sdk':
    specifier: ^0.68.0
    version: 0.68.0(zod@3.25.76)
  json5:
    specifier: ^2.2.3
    version: 2.2.3
  openai:
    specifier: ^6.7.0
    version: 6.7.0(zod@3.25.76)
  p-queue:
    specifier: ^9.0.0
    version: 9.0.0
  undici:
    specifier: ^7.16.0
    version: 7.16.0
